
Microsoft Visual Studio Solution File, Format Version 12.00
# Visual Studio Version 16
VisualStudioVersion = 16.0.30907.101
MinimumVisualStudioVersion = 10.0.40219.1
Project("{9A19103F-16F7-4668-BE54-9A1E7A4F7556}") = "ReadLater5", "ReadLater5\ReadLater5\ReadLater5.csproj", "{84780B99-1596-4333-9EDF-525D3682C02A}"
EndProject
Project("{9A19103F-16F7-4668-BE54-9A1E7A4F7556}") = "Data", "Data\Data\Data.csproj", "{6D9BB1AF-E56E-41BE-A145-53A90D1481DB}"
EndProject
Project("{9A19103F-16F7-4668-BE54-9A1E7A4F7556}") = "Entity", "Entity\Entity\Entity.csproj", "{CF657038-376E-4955-857E-784FF32D2E7B}"
EndProject
Project("{9A19103F-16F7-4668-BE54-9A1E7A4F7556}") = "Services", "Services\Services\Services.csproj", "{E34CCE84-93CD-42A4-872E-975AACAB2EE6}"
EndProject
Global
	GlobalSection(SolutionConfigurationPlatforms) = preSolution
		Debug|Any CPU = Debug|Any CPU
		Release|Any CPU = Release|Any CPU
	EndGlobalSection
	GlobalSection(ProjectConfigurationPlatforms) = postSolution
		{84780B99-1596-4333-9EDF-525D3682C02A}.Debug|Any CPU.ActiveCfg = Debug|Any CPU
		{84780B99-1596-4333-9EDF-525D3682C02A}.Debug|Any CPU.Build.0 = Debug|Any CPU
		{84780B99-1596-4333-9EDF-525D3682C02A}.Release|Any CPU.ActiveCfg = Release|Any CPU
		{84780B99-1596-4333-9EDF-525D3682C02A}.Release|Any CPU.Build.0 = Release|Any CPU
		{6D9BB1AF-E56E-41BE-A145-53A90D1481DB}.Debug|Any CPU.ActiveCfg = Debug|Any CPU
		{6D9BB1AF-E56E-41BE-A145-53A90D1481DB}.Debug|Any CPU.Build.0 = Debug|Any CPU
		{6D9BB1AF-E56E-41BE-A145-53A90D1481DB}.Release|Any CPU.ActiveCfg = Release|Any CPU
		{6D9BB1AF-E56E-41BE-A145-53A90D1481DB}.Release|Any CPU.Build.0 = Release|Any CPU
		{CF657038-376E-4955-857E-784FF32D2E7B}.Debug|Any CPU.ActiveCfg = Debug|Any CPU
		{CF657038-376E-4955-857E-784FF32D2E7B}.Debug|Any CPU.Build.0 = Debug|Any CPU
		{CF657038-376E-4955-857E-784FF32D2E7B}.Release|Any CPU.ActiveCfg = Release|Any CPU
		{CF657038-376E-4955-857E-784FF32D2E7B}.Release|Any CPU.Build.0 = Release|Any CPU
		{E34CCE84-93CD-42A4-872E-975AACAB2EE6}.Debug|Any CPU.ActiveCfg = Debug|Any CPU
		{E34CCE84-93CD-42A4-872E-975AACAB2EE6}.Debug|Any CPU.Build.0 = Debug|Any CPU
		{E34CCE84-93CD-42A4-872E-975AACAB2EE6}.Release|Any CPU.ActiveCfg = Release|Any CPU
		{E34CCE84-93CD-42A4-872E-975AACAB2EE6}.Release|Any CPU.Build.0 = Release|Any CPU
	EndGlobalSection
	GlobalSection(SolutionProperties) = preSolution
		HideSolutionNode = FALSE
	EndGlobalSection
	GlobalSection(ExtensibilityGlobals) = postSolution
		SolutionGuid = {B3F7C4BC-025A-4D5A-B6FC-F660A22E3501}
	EndGlobalSection
EndGlobal
